{
  "name": "foundry-local-integrate-sdks",
  "version": "1.0.0",
  "lockfileVersion": 3,
  "requires": true,
  "packages": {
    "": {
      "name": "foundry-local-integrate-sdks",
      "version": "1.0.0",
      "dependencies": {
        "foundry-local-sdk": "latest",
        "openai": "latest"
      }
    },
    "node_modules/@foundry-local-core/darwin-arm64": {
      "resolved": "node_modules/foundry-local-sdk/packages/@foundry-local-core/darwin-arm64",
      "link": true
    },
    "node_modules/@foundry-local-core/linux-x64": {
      "resolved": "node_modules/foundry-local-sdk/packages/@foundry-local-core/linux-x64",
      "link": true
    },
    "node_modules/@foundry-local-core/win32-arm64": {
      "resolved": "node_modules/foundry-local-sdk/packages/@foundry-local-core/win32-arm64",
      "link": true
    },
    "node_modules/@foundry-local-core/win32-x64": {
      "resolved": "node_modules/foundry-local-sdk/packages/@foundry-local-core/win32-x64",
      "link": true
    },
    "node_modules/adm-zip": {
      "version": "0.5.16",
      "resolved": "https://registry.npmjs.org/adm-zip/-/adm-zip-0.5.16.tgz",
      "integrity": "sha512-TGw5yVi4saajsSEgz25grObGHEUaDrniwvA2qwSC060KfqGPdglhvPMA2lPIoxs3PQIItj2iag35fONcQqgUaQ==",
      "license": "MIT",
      "engines": {
        "node": ">=12.0"
      }
    },
    "node_modules/foundry-local-sdk": {
      "version": "0.9.0",
      "resolved": "https://registry.npmjs.org/foundry-local-sdk/-/foundry-local-sdk-0.9.0.tgz",
      "integrity": "sha512-baDyt3nLSQqpukEZws+IxWJV5muLfPTP06QVuiPS5fjgcer0I9w5PorkQsMIkYmi0lqJl1/R2fXcxPBWNc6sTA==",
      "hasInstallScript": true,
      "license": "ISC",
      "dependencies": {
        "adm-zip": "^0.5.16",
        "koffi": "^2.9.0"
      },
      "optionalDependencies": {
        "@foundry-local-core/darwin-arm64": "file:packages/@foundry-local-core/darwin-arm64",
        "@foundry-local-core/linux-x64": "file:packages/@foundry-local-core/linux-x64",
        "@foundry-local-core/win32-arm64": "file:packages/@foundry-local-core/win32-arm64",
        "@foundry-local-core/win32-x64": "file:packages/@foundry-local-core/win32-x64"
      }
    },
    "node_modules/foundry-local-sdk/packages/@foundry-local-core/darwin-arm64": {
      "optional": true
    },
    "node_modules/foundry-local-sdk/packages/@foundry-local-core/linux-x64": {
      "optional": true
    },
    "node_modules/foundry-local-sdk/packages/@foundry-local-core/win32-arm64": {
      "optional": true
    },
    "node_modules/foundry-local-sdk/packages/@foundry-local-core/win32-x64": {
      "optional": true
    },
    "node_modules/koffi": {
      "version": "2.15.2",
      "resolved": "https://registry.npmjs.org/koffi/-/koffi-2.15.2.tgz",
      "integrity": "sha512-r9tjJLVRSOhCRWdVyQlF3/Ugzeg13jlzS4czS82MAgLff4W+BcYOW7g8Y62t9O5JYjYOLAjAovAZDNlDfZNu+g==",
      "hasInstallScript": true,
      "license": "MIT",
      "funding": {
        "url": "https://liberapay.com/Koromix"
      }
    },
    "node_modules/openai": {
      "version": "6.32.0",
      "resolved": "https://registry.npmjs.org/openai/-/openai-6.32.0.tgz",
      "integrity": "sha512-j3k+BjydAf8yQlcOI7WUQMQTbbF5GEIMAE2iZYCOzwwB3S2pCheaWYp+XZRNAch4jWVc52PMDGRRjutao3lLCg==",
      "license": "Apache-2.0",
      "bin": {
        "openai": "bin/cli"
      },
      "peerDependencies": {
        "ws": "^8.18.0",
        "zod": "^3.25 || ^4.0"
      },
      "peerDependenciesMeta": {
        "ws": {
          "optional": true
        },
        "zod": {
          "optional": true
        }
      }
    }
  }
}
